
Microsoft Visual Studio Solution File, Format Version 12.00
# Visual Studio Version 17
VisualStudioVersion = 17.12.35527.113
MinimumVisualStudioVersion = 10.0.40219.1
Project("{FAE04EC0-301F-11D3-BF4B-00C04F79EFBC}") = "RivertyTask.API", "RivertyTask.API\RivertyTask.API.csproj", "{30BBF0B0-942F-49CA-9038-ACD54F0CE775}"
EndProject
Project("{FAE04EC0-301F-11D3-BF4B-00C04F79EFBC}") = "RiveryTask.BlazorUI", "RiveryTask.BlazorUI\RiveryTask.BlazorUI.csproj", "{7ADD8D16-43FD-468C-A438-F00C1B9CDA18}"
EndProject
Project("{FAE04EC0-301F-11D3-BF4B-00C04F79EFBC}") = "RivertyTask.AB", "RivertyTask.AB\RivertyTask.AB.csproj", "{47029320-5705-4997-BE57-6BF911CD0218}"
EndProject
Project("{FAE04EC0-301F-11D3-BF4B-00C04F79EFBC}") = "RivertyTask.WorkerService", "RivertyTask.WorkerService\RivertyTask.WorkerService.csproj", "{ECC96F7E-F929-4CE7-9747-7B036A0F9D73}"
EndProject
Global
	GlobalSection(SolutionConfigurationPlatforms) = preSolution
		Debug|Any CPU = Debug|Any CPU
		Release|Any CPU = Release|Any CPU
	EndGlobalSection
	GlobalSection(ProjectConfigurationPlatforms) = postSolution
		{30BBF0B0-942F-49CA-9038-ACD54F0CE775}.Debug|Any CPU.ActiveCfg = Debug|Any CPU
		{30BBF0B0-942F-49CA-9038-ACD54F0CE775}.Debug|Any CPU.Build.0 = Debug|Any CPU
		{30BBF0B0-942F-49CA-9038-ACD54F0CE775}.Release|Any CPU.ActiveCfg = Release|Any CPU
		{30BBF0B0-942F-49CA-9038-ACD54F0CE775}.Release|Any CPU.Build.0 = Release|Any CPU
		{7ADD8D16-43FD-468C-A438-F00C1B9CDA18}.Debug|Any CPU.ActiveCfg = Debug|Any CPU
		{7ADD8D16-43FD-468C-A438-F00C1B9CDA18}.Debug|Any CPU.Build.0 = Debug|Any CPU
		{7ADD8D16-43FD-468C-A438-F00C1B9CDA18}.Release|Any CPU.ActiveCfg = Release|Any CPU
		{7ADD8D16-43FD-468C-A438-F00C1B9CDA18}.Release|Any CPU.Build.0 = Release|Any CPU
		{47029320-5705-4997-BE57-6BF911CD0218}.Debug|Any CPU.ActiveCfg = Debug|Any CPU
		{47029320-5705-4997-BE57-6BF911CD0218}.Debug|Any CPU.Build.0 = Debug|Any CPU
		{47029320-5705-4997-BE57-6BF911CD0218}.Release|Any CPU.ActiveCfg = Release|Any CPU
		{47029320-5705-4997-BE57-6BF911CD0218}.Release|Any CPU.Build.0 = Release|Any CPU
		{ECC96F7E-F929-4CE7-9747-7B036A0F9D73}.Debug|Any CPU.ActiveCfg = Debug|Any CPU
		{ECC96F7E-F929-4CE7-9747-7B036A0F9D73}.Debug|Any CPU.Build.0 = Debug|Any CPU
		{ECC96F7E-F929-4CE7-9747-7B036A0F9D73}.Release|Any CPU.ActiveCfg = Release|Any CPU
		{ECC96F7E-F929-4CE7-9747-7B036A0F9D73}.Release|Any CPU.Build.0 = Release|Any CPU
	EndGlobalSection
	GlobalSection(SolutionProperties) = preSolution
		HideSolutionNode = FALSE
	EndGlobalSection
EndGlobal
